// !$*UTF8*$!
{
	archiveVersion = 1;
	classes = {
	};
	objectVersion = 56;
	objects = {

/* Begin PBXBuildFile section */
		4557F79F2C0877AD00133F5B /* SunsView.swift in Sources */ = {isa = PBXBuildFile; fileRef = 4557F79E2C0877AD00133F5B /* SunsView.swift */; };
		4557F7A12C08788700133F5B /* CloudKitManager.swift in Sources */ = {isa = PBXBuildFile; fileRef = 4557F7A02C08788700133F5B /* CloudKitManager.swift */; };
		4557F7A32C087A5000133F5B /* SnappingHorizontalScrollView.swift in Sources */ = {isa = PBXBuildFile; fileRef = 4557F7A22C087A5000133F5B /* SnappingHorizontalScrollView.swift */; };
		4557F7A62C088CCE00133F5B /* Sun.swift in Sources */ = {isa = PBXBuildFile; fileRef = 4557F7A52C088CCE00133F5B /* Sun.swift */; };
		45C277C62BCA894F00A42608 /* NowApp.swift in Sources */ = {isa = PBXBuildFile; fileRef = 45C277C52BCA894F00A42608 /* NowApp.swift */; };
		45C277C82BCA894F00A42608 /* InfiniteTimer.swift in Sources */ = {isa = PBXBuildFile; fileRef = 45C277C72BCA894F00A42608 /* InfiniteTimer.swift */; };
		45C277CA2BCA895000A42608 /* Assets.xcassets in Resources */ = {isa = PBXBuildFile; fileRef = 45C277C92BCA895000A42608 /* Assets.xcassets */; };
		45C277CD2BCA895000A42608 /* Preview Assets.xcassets in Resources */ = {isa = PBXBuildFile; fileRef = 45C277CC2BCA895000A42608 /* Preview Assets.xcassets */; };
		679B37A92C08C7D000736EB5 /* InfinteSunTester.swift in Sources */ = {isa = PBXBuildFile; fileRef = 679B37A82C08C7D000736EB5 /* InfinteSunTester.swift */; };
		679FF8642C08B8DF00F1B230 /* InfiniteSun.swift in Sources */ = {isa = PBXBuildFile; fileRef = 679FF8632C08B8DF00F1B230 /* InfiniteSun.swift */; };
/* End PBXBuildFile section */

/* Begin PBXFileReference section */
		4557F79E2C0877AD00133F5B /* SunsView.swift */ = {isa = PBXFileReference; lastKnownFileType = sourcecode.swift; path = SunsView.swift; sourceTree = "<group>"; };
		4557F7A02C08788700133F5B /* CloudKitManager.swift */ = {isa = PBXFileReference; lastKnownFileType = sourcecode.swift; path = CloudKitManager.swift; sourceTree = "<group>"; };
		4557F7A22C087A5000133F5B /* SnappingHorizontalScrollView.swift */ = {isa = PBXFileReference; lastKnownFileType = sourcecode.swift; path = SnappingHorizontalScrollView.swift; sourceTree = "<group>"; };
		4557F7A42C087B4C00133F5B /* Now.entitlements */ = {isa = PBXFileReference; lastKnownFileType = text.plist.entitlements; path = Now.entitlements; sourceTree = "<group>"; };
		4557F7A52C088CCE00133F5B /* Sun.swift */ = {isa = PBXFileReference; lastKnownFileType = sourcecode.swift; path = Sun.swift; sourceTree = "<group>"; };
		45C277C22BCA894F00A42608 /* Now.app */ = {isa = PBXFileReference; explicitFileType = wrapper.application; includeInIndex = 0; path = Now.app; sourceTree = BUILT_PRODUCTS_DIR; };
		45C277C52BCA894F00A42608 /* NowApp.swift */ = {isa = PBXFileReference; lastKnownFileType = sourcecode.swift; path = NowApp.swift; sourceTree = "<group>"; };
		45C277C72BCA894F00A42608 /* InfiniteTimer.swift */ = {isa = PBXFileReference; lastKnownFileType = sourcecode.swift; path = InfiniteTimer.swift; sourceTree = "<group>"; };
		45C277C92BCA895000A42608 /* Assets.xcassets */ = {isa = PBXFileReference; lastKnownFileType = folder.assetcatalog; path = Assets.xcassets; sourceTree = "<group>"; };
		45C277CC2BCA895000A42608 /* Preview Assets.xcassets */ = {isa = PBXFileReference; lastKnownFileType = folder.assetcatalog; path = "Preview Assets.xcassets"; sourceTree = "<group>"; };
		679B37A82C08C7D000736EB5 /* InfinteSunTester.swift */ = {isa = PBXFileReference; lastKnownFileType = sourcecode.swift; path = InfinteSunTester.swift; sourceTree = "<group>"; };
		679FF8632C08B8DF00F1B230 /* InfiniteSun.swift */ = {isa = PBXFileReference; lastKnownFileType = sourcecode.swift; path = InfiniteSun.swift; sourceTree = "<group>"; };
/* End PBXFileReference section */

/* Begin PBXFrameworksBuildPhase section */
		45C277BF2BCA894F00A42608 /* Frameworks */ = {
			isa = PBXFrameworksBuildPhase;
			buildActionMask = 2147483647;
			files = (
			);
			runOnlyForDeploymentPostprocessing = 0;
		};
/* End PBXFrameworksBuildPhase section */

/* Begin PBXGroup section */
		45C277B92BCA894F00A42608 = {
			isa = PBXGroup;
			children = (
				45C277C42BCA894F00A42608 /* Now */,
				45C277C32BCA894F00A42608 /* Products */,
			);
			sourceTree = "<group>";
		};
		45C277C32BCA894F00A42608 /* Products */ = {
			isa = PBXGroup;
			children = (
				45C277C22BCA894F00A42608 /* Now.app */,
			);
			name = Products;
			sourceTree = "<group>";
		};
		45C277C42BCA894F00A42608 /* Now */ = {
			isa = PBXGroup;
			children = (
				4557F7A42C087B4C00133F5B /* Now.entitlements */,
				45C277C52BCA894F00A42608 /* NowApp.swift */,
				4557F79E2C0877AD00133F5B /* SunsView.swift */,
				4557F7A22C087A5000133F5B /* SnappingHorizontalScrollView.swift */,
				4557F7A52C088CCE00133F5B /* Sun.swift */,
				4557F7A02C08788700133F5B /* CloudKitManager.swift */,
				679FF8632C08B8DF00F1B230 /* InfiniteSun.swift */,
				45C277C72BCA894F00A42608 /* InfiniteTimer.swift */,
				45C277C92BCA895000A42608 /* Assets.xcassets */,
				45C277CB2BCA895000A42608 /* Preview Content */,
				679B37A82C08C7D000736EB5 /* InfinteSunTester.swift */,
			);
			path = Now;
			sourceTree = "<group>";
		};
		45C277CB2BCA895000A42608 /* Preview Content */ = {
			isa = PBXGroup;
			children = (
				45C277CC2BCA895000A42608 /* Preview Assets.xcassets */,
			);
			path = "Preview Content";
			sourceTree = "<group>";
		};
/* End PBXGroup section */

/* Begin PBXNativeTarget section */
		45C277C12BCA894F00A42608 /* Now */ = {
			isa = PBXNativeTarget;
			buildConfigurationList = 45C277D02BCA895000A42608 /* Build configuration list for PBXNativeTarget "Now" */;
			buildPhases = (
				45C277BE2BCA894F00A42608 /* Sources */,
				45C277BF2BCA894F00A42608 /* Frameworks */,
				45C277C02BCA894F00A42608 /* Resources */,
			);
			buildRules = (
			);
			dependencies = (
			);
			name = Now;
			productName = Now;
			productReference = 45C277C22BCA894F00A42608 /* Now.app */;
			productType = "com.apple.product-type.application";
		};
/* End PBXNativeTarget section */

/* Begin PBXProject section */
		45C277BA2BCA894F00A42608 /* Project object */ = {
			isa = PBXProject;
			attributes = {
				BuildIndependentTargetsInParallel = 1;
				LastSwiftUpdateCheck = 1500;
				LastUpgradeCheck = 1500;
				TargetAttributes = {
					45C277C12BCA894F00A42608 = {
						CreatedOnToolsVersion = 15.0;
					};
				};
			};
			buildConfigurationList = 45C277BD2BCA894F00A42608 /* Build configuration list for PBXProject "Now" */;
			compatibilityVersion = "Xcode 14.0";
			developmentRegion = en;
			hasScannedForEncodings = 0;
			knownRegions = (
				en,
				Base,
			);
			mainGroup = 45C277B92BCA894F00A42608;
			productRefGroup = 45C277C32BCA894F00A42608 /* Products */;
			projectDirPath = "";
			projectRoot = "";
			targets = (
				45C277C12BCA894F00A42608 /* Now */,
			);
		};
/* End PBXProject section */

/* Begin PBXResourcesBuildPhase section */
		45C277C02BCA894F00A42608 /* Resources */ = {
			isa = PBXResourcesBuildPhase;
			buildActionMask = 2147483647;
			files = (
				45C277CD2BCA895000A42608 /* Preview Assets.xcassets in Resources */,
				45C277CA2BCA895000A42608 /* Assets.xcassets in Resources */,
			);
			runOnlyForDeploymentPostprocessing = 0;
		};
/* End PBXResourcesBuildPhase section */

/* Begin PBXSourcesBuildPhase section */
		45C277BE2BCA894F00A42608 /* Sources */ = {
			isa = PBXSourcesBuildPhase;
			buildActionMask = 2147483647;
			files = (
				4557F79F2C0877AD00133F5B /* SunsView.swift in Sources */,
				45C277C82BCA894F00A42608 /* InfiniteTimer.swift in Sources */,
				4557F7A62C088CCE00133F5B /* Sun.swift in Sources */,
				4557F7A12C08788700133F5B /* CloudKitManager.swift in Sources */,
				4557F7A32C087A5000133F5B /* SnappingHorizontalScrollView.swift in Sources */,
				679FF8642C08B8DF00F1B230 /* InfiniteSun.swift in Sources */,
				45C277C82BCA894F00A42608 /* InfiniteTimer.swift in Sources */,
				45C277C62BCA894F00A42608 /* NowApp.swift in Sources */,
				679B37A92C08C7D000736EB5 /* InfinteSunTester.swift in Sources */,
			);
			runOnlyForDeploymentPostprocessing = 0;
		};
/* End PBXSourcesBuildPhase section */

/* Begin XCBuildConfiguration section */
		45C277CE2BCA895000A42608 /* Debug */ = {
			isa = XCBuildConfiguration;
			buildSettings = {
				ALWAYS_SEARCH_USER_PATHS = NO;
				ASSETCATALOG_COMPILER_GENERATE_SWIFT_ASSET_SYMBOL_EXTENSIONS = YES;
				CLANG_ANALYZER_NONNULL = YES;
				CLANG_ANALYZER_NUMBER_OBJECT_CONVERSION = YES_AGGRESSIVE;
				CLANG_CXX_LANGUAGE_STANDARD = "gnu++20";
				CLANG_ENABLE_MODULES = YES;
				CLANG_ENABLE_OBJC_ARC = YES;
				CLANG_ENABLE_OBJC_WEAK = YES;
				CLANG_WARN_BLOCK_CAPTURE_AUTORELEASING = YES;
				CLANG_WARN_BOOL_CONVERSION = YES;
				CLANG_WARN_COMMA = YES;
				CLANG_WARN_CONSTANT_CONVERSION = YES;
				CLANG_WARN_DEPRECATED_OBJC_IMPLEMENTATIONS = YES;
				CLANG_WARN_DIRECT_OBJC_ISA_USAGE = YES_ERROR;
				CLANG_WARN_DOCUMENTATION_COMMENTS = YES;
				CLANG_WARN_EMPTY_BODY = YES;
				CLANG_WARN_ENUM_CONVERSION = YES;
				CLANG_WARN_INFINITE_RECURSION = YES;
				CLANG_WARN_INT_CONVERSION = YES;
				CLANG_WARN_NON_LITERAL_NULL_CONVERSION = YES;
				CLANG_WARN_OBJC_IMPLICIT_RETAIN_SELF = YES;
				CLANG_WARN_OBJC_LITERAL_CONVERSION = YES;
				CLANG_WARN_OBJC_ROOT_CLASS = YES_ERROR;
				CLANG_WARN_QUOTED_INCLUDE_IN_FRAMEWORK_HEADER = YES;
				CLANG_WARN_RANGE_LOOP_ANALYSIS = YES;
				CLANG_WARN_STRICT_PROTOTYPES = YES;
				CLANG_WARN_SUSPICIOUS_MOVE = YES;
				CLANG_WARN_UNGUARDED_AVAILABILITY = YES_AGGRESSIVE;
				CLANG_WARN_UNREACHABLE_CODE = YES;
				CLANG_WARN__DUPLICATE_METHOD_MATCH = YES;
				COPY_PHASE_STRIP = NO;
				DEBUG_INFORMATION_FORMAT = dwarf;
				ENABLE_STRICT_OBJC_MSGSEND = YES;
				ENABLE_TESTABILITY = YES;
				ENABLE_USER_SCRIPT_SANDBOXING = YES;
				GCC_C_LANGUAGE_STANDARD = gnu17;
				GCC_DYNAMIC_NO_PIC = NO;
				GCC_NO_COMMON_BLOCKS = YES;
				GCC_OPTIMIZATION_LEVEL = 0;
				GCC_PREPROCESSOR_DEFINITIONS = (
					"DEBUG=1",
					"$(inherited)",
				);
				GCC_WARN_64_TO_32_BIT_CONVERSION = YES;
				GCC_WARN_ABOUT_RETURN_TYPE = YES_ERROR;
				GCC_WARN_UNDECLARED_SELECTOR = YES;
				GCC_WARN_UNINITIALIZED_AUTOS = YES_AGGRESSIVE;
				GCC_WARN_UNUSED_FUNCTION = YES;
				GCC_WARN_UNUSED_VARIABLE = YES;
				IPHONEOS_DEPLOYMENT_TARGET = 17.0;
				LOCALIZATION_PREFERS_STRING_CATALOGS = YES;
				MTL_ENABLE_DEBUG_INFO = INCLUDE_SOURCE;
				MTL_FAST_MATH = YES;
				ONLY_ACTIVE_ARCH = YES;
				SDKROOT = iphoneos;
				SWIFT_ACTIVE_COMPILATION_CONDITIONS = "DEBUG $(inherited)";
				SWIFT_OPTIMIZATION_LEVEL = "-Onone";
			};
			name = Debug;
		};
		45C277CF2BCA895000A42608 /* Release */ = {
			isa = XCBuildConfiguration;
			buildSettings = {
				ALWAYS_SEARCH_USER_PATHS = NO;
				ASSETCATALOG_COMPILER_GENERATE_SWIFT_ASSET_SYMBOL_EXTENSIONS = YES;
				CLANG_ANALYZER_NONNULL = YES;
				CLANG_ANALYZER_NUMBER_OBJECT_CONVERSION = YES_AGGRESSIVE;
				CLANG_CXX_LANGUAGE_STANDARD = "gnu++20";
				CLANG_ENABLE_MODULES = YES;
				CLANG_ENABLE_OBJC_ARC = YES;
				CLANG_ENABLE_OBJC_WEAK = YES;
				CLANG_WARN_BLOCK_CAPTURE_AUTORELEASING = YES;
				CLANG_WARN_BOOL_CONVERSION = YES;
				CLANG_WARN_COMMA = YES;
				CLANG_WARN_CONSTANT_CONVERSION = YES;
				CLANG_WARN_DEPRECATED_OBJC_IMPLEMENTATIONS = YES;
				CLANG_WARN_DIRECT_OBJC_ISA_USAGE = YES_ERROR;
				CLANG_WARN_DOCUMENTATION_COMMENTS = YES;
				CLANG_WARN_EMPTY_BODY = YES;
				CLANG_WARN_ENUM_CONVERSION = YES;
				CLANG_WARN_INFINITE_RECURSION = YES;
				CLANG_WARN_INT_CONVERSION = YES;
				CLANG_WARN_NON_LITERAL_NULL_CONVERSION = YES;
				CLANG_WARN_OBJC_IMPLICIT_RETAIN_SELF = YES;
				CLANG_WARN_OBJC_LITERAL_CONVERSION = YES;
				CLANG_WARN_OBJC_ROOT_CLASS = YES_ERROR;
				CLANG_WARN_QUOTED_INCLUDE_IN_FRAMEWORK_HEADER = YES;
				CLANG_WARN_RANGE_LOOP_ANALYSIS = YES;
				CLANG_WARN_STRICT_PROTOTYPES = YES;
				CLANG_WARN_SUSPICIOUS_MOVE = YES;
				CLANG_WARN_UNGUARDED_AVAILABILITY = YES_AGGRESSIVE;
				CLANG_WARN_UNREACHABLE_CODE = YES;
				CLANG_WARN__DUPLICATE_METHOD_MATCH = YES;
				COPY_PHASE_STRIP = NO;
				DEBUG_INFORMATION_FORMAT = "dwarf-with-dsym";
				ENABLE_NS_ASSERTIONS = NO;
				ENABLE_STRICT_OBJC_MSGSEND = YES;
				ENABLE_USER_SCRIPT_SANDBOXING = YES;
				GCC_C_LANGUAGE_STANDARD = gnu17;
				GCC_NO_COMMON_BLOCKS = YES;
				GCC_WARN_64_TO_32_BIT_CONVERSION = YES;
				GCC_WARN_ABOUT_RETURN_TYPE = YES_ERROR;
				GCC_WARN_UNDECLARED_SELECTOR = YES;
				GCC_WARN_UNINITIALIZED_AUTOS = YES_AGGRESSIVE;
				GCC_WARN_UNUSED_FUNCTION = YES;
				GCC_WARN_UNUSED_VARIABLE = YES;
				IPHONEOS_DEPLOYMENT_TARGET = 17.0;
				LOCALIZATION_PREFERS_STRING_CATALOGS = YES;
				MTL_ENABLE_DEBUG_INFO = NO;
				MTL_FAST_MATH = YES;
				SDKROOT = iphoneos;
				SWIFT_COMPILATION_MODE = wholemodule;
				VALIDATE_PRODUCT = YES;
			};
			name = Release;
		};
		45C277D12BCA895000A42608 /* Debug */ = {
			isa = XCBuildConfiguration;
			buildSettings = {
				ASSETCATALOG_COMPILER_APPICON_NAME = AppIcon;
				ASSETCATALOG_COMPILER_GLOBAL_ACCENT_COLOR_NAME = AccentColor;
				CODE_SIGN_ENTITLEMENTS = Now/Now.entitlements;
				CODE_SIGN_IDENTITY = "Apple Development";
				CODE_SIGN_STYLE = Automatic;
				CURRENT_PROJECT_VERSION = 1;
				DEVELOPMENT_ASSET_PATHS = "\"Now/Preview Content\"";
				DEVELOPMENT_TEAM = 7DKPSXJRS9;
				ENABLE_PREVIEWS = YES;
				GENERATE_INFOPLIST_FILE = YES;
				INFOPLIST_KEY_UIApplicationSceneManifest_Generation = YES;
				INFOPLIST_KEY_UIApplicationSupportsIndirectInputEvents = YES;
				INFOPLIST_KEY_UILaunchScreen_Generation = YES;
				INFOPLIST_KEY_UISupportedInterfaceOrientations_iPad = "UIInterfaceOrientationPortrait UIInterfaceOrientationPortraitUpsideDown UIInterfaceOrientationLandscapeLeft UIInterfaceOrientationLandscapeRight";
				INFOPLIST_KEY_UISupportedInterfaceOrientations_iPhone = "UIInterfaceOrientationPortrait UIInterfaceOrientationLandscapeLeft UIInterfaceOrientationLandscapeRight";
				LD_RUNPATH_SEARCH_PATHS = (
					"$(inherited)",
					"@executable_path/Frameworks",
				);
				MARKETING_VERSION = 1.0;
				PRODUCT_BUNDLE_IDENTIFIER = com.wehavesun.now;
				PRODUCT_NAME = "$(TARGET_NAME)";
				PROVISIONING_PROFILE_SPECIFIER = "";
				SWIFT_EMIT_LOC_STRINGS = YES;
				SWIFT_VERSION = 5.0;
				TARGETED_DEVICE_FAMILY = "1,2";
			};
			name = Debug;
		};
		45C277D22BCA895000A42608 /* Release */ = {
			isa = XCBuildConfiguration;
			buildSettings = {
				ASSETCATALOG_COMPILER_APPICON_NAME = AppIcon;
				ASSETCATALOG_COMPILER_GLOBAL_ACCENT_COLOR_NAME = AccentColor;
				CODE_SIGN_ENTITLEMENTS = Now/Now.entitlements;
				CODE_SIGN_IDENTITY = "Apple Development";
				CODE_SIGN_STYLE = Automatic;
				CURRENT_PROJECT_VERSION = 1;
				DEVELOPMENT_ASSET_PATHS = "\"Now/Preview Content\"";
				DEVELOPMENT_TEAM = 7DKPSXJRS9;
				ENABLE_PREVIEWS = YES;
				GENERATE_INFOPLIST_FILE = YES;
				INFOPLIST_KEY_UIApplicationSceneManifest_Generation = YES;
				INFOPLIST_KEY_UIApplicationSupportsIndirectInputEvents = YES;
				INFOPLIST_KEY_UILaunchScreen_Generation = YES;
				INFOPLIST_KEY_UISupportedInterfaceOrientations_iPad = "UIInterfaceOrientationPortrait UIInterfaceOrientationPortraitUpsideDown UIInterfaceOrientationLandscapeLeft UIInterfaceOrientationLandscapeRight";
				INFOPLIST_KEY_UISupportedInterfaceOrientations_iPhone = "UIInterfaceOrientationPortrait UIInterfaceOrientationLandscapeLeft UIInterfaceOrientationLandscapeRight";
				LD_RUNPATH_SEARCH_PATHS = (
					"$(inherited)",
					"@executable_path/Frameworks",
				);
				MARKETING_VERSION = 1.0;
				PRODUCT_BUNDLE_IDENTIFIER = com.wehavesun.now;
				PRODUCT_NAME = "$(TARGET_NAME)";
				PROVISIONING_PROFILE_SPECIFIER = "";
				SWIFT_EMIT_LOC_STRINGS = YES;
				SWIFT_VERSION = 5.0;
				TARGETED_DEVICE_FAMILY = "1,2";
			};
			name = Release;
		};
/* End XCBuildConfiguration section */

/* Begin XCConfigurationList section */
		45C277BD2BCA894F00A42608 /* Build configuration list for PBXProject "Now" */ = {
			isa = XCConfigurationList;
			buildConfigurations = (
				45C277CE2BCA895000A42608 /* Debug */,
				45C277CF2BCA895000A42608 /* Release */,
			);
			defaultConfigurationIsVisible = 0;
			defaultConfigurationName = Release;
		};
		45C277D02BCA895000A42608 /* Build configuration list for PBXNativeTarget "Now" */ = {
			isa = XCConfigurationList;
			buildConfigurations = (
				45C277D12BCA895000A42608 /* Debug */,
				45C277D22BCA895000A42608 /* Release */,
			);
			defaultConfigurationIsVisible = 0;
			defaultConfigurationName = Release;
		};
/* End XCConfigurationList section */
	};
	rootObject = 45C277BA2BCA894F00A42608 /* Project object */;
}
